
Microsoft Visual Studio Solution File, Format Version 11.00
# Visual Studio 2010
Project("{FAE04EC0-301F-11D3-BF4B-00C04F79EFBC}") = "Microsoft.MixedReality.Toolkit.SDK", "Microsoft.MixedReality.Toolkit.SDK.csproj", "{E1638853-3E89-F16C-1B06-28FDCE8BCDF9}"
EndProject
Project("{FAE04EC0-301F-11D3-BF4B-00C04F79EFBC}") = "Microsoft.MixedReality.Toolkit.Providers.OpenVR", "Microsoft.MixedReality.Toolkit.Providers.OpenVR.csproj", "{462BFAFB-35B4-1F8F-5391-71E6F9BA3B57}"
EndProject
Project("{FAE04EC0-301F-11D3-BF4B-00C04F79EFBC}") = "Microsoft.MixedReality.Toolkit", "Microsoft.MixedReality.Toolkit.csproj", "{47E328D8-F947-A11B-AD61-14B773CC96C8}"
EndProject
Project("{FAE04EC0-301F-11D3-BF4B-00C04F79EFBC}") = "PhotonUnityNetworking.Demos", "PhotonUnityNetworking.Demos.csproj", "{5F846B7B-E9FE-7326-FF73-3AF160534C5D}"
EndProject
Project("{FAE04EC0-301F-11D3-BF4B-00C04F79EFBC}") = "PhotonUnityNetworking.Utilities", "PhotonUnityNetworking.Utilities.csproj", "{DFE4E07A-7D89-2EB4-1E4B-B4CCBB59F6A5}"
EndProject
Project("{FAE04EC0-301F-11D3-BF4B-00C04F79EFBC}") = "Microsoft.MixedReality.Toolkit.Services.SpatialAwarenessSystem", "Microsoft.MixedReality.Toolkit.Services.SpatialAwarenessSystem.csproj", "{6D039FFF-02F1-8C03-7AEC-BBB04C6B30A4}"
EndProject
Project("{FAE04EC0-301F-11D3-BF4B-00C04F79EFBC}") = "Assembly-CSharp", "Assembly-CSharp.csproj", "{521278DC-37F2-F7A9-E012-912B305077E3}"
EndProject
Project("{FAE04EC0-301F-11D3-BF4B-00C04F79EFBC}") = "PhotonChat", "PhotonChat.csproj", "{AE175C1D-A2BC-8831-753A-BCDA63F23E75}"
EndProject
Project("{FAE04EC0-301F-11D3-BF4B-00C04F79EFBC}") = "Microsoft.MixedReality.Toolkit.Gltf", "Microsoft.MixedReality.Toolkit.Gltf.csproj", "{C99C5289-6922-2ED1-73B8-4E6B8E0E956A}"
EndProject
Project("{FAE04EC0-301F-11D3-BF4B-00C04F79EFBC}") = "Microsoft.MixedReality.Toolkit.Services.SceneSystem", "Microsoft.MixedReality.Toolkit.Services.SceneSystem.csproj", "{E6FF5D53-A632-CE5B-62CC-889943D99CE6}"
EndProject
Project("{FAE04EC0-301F-11D3-BF4B-00C04F79EFBC}") = "Microsoft.MixedReality.Toolkit.Services.InputSystem", "Microsoft.MixedReality.Toolkit.Services.InputSystem.csproj", "{ABA277CF-FE00-E0F7-FF06-10262FE0F5AE}"
EndProject
Project("{FAE04EC0-301F-11D3-BF4B-00C04F79EFBC}") = "PhotonUnityNetworking", "PhotonUnityNetworking.csproj", "{37C4D77A-DF97-725D-3392-7C609C62B4ED}"
EndProject
Project("{FAE04EC0-301F-11D3-BF4B-00C04F79EFBC}") = "PhotonRealtime", "PhotonRealtime.csproj", "{562198F8-AF0A-CA36-9150-602E14C76D6A}"
EndProject
Project("{FAE04EC0-301F-11D3-BF4B-00C04F79EFBC}") = "Microsoft.MixedReality.Toolkit.Services.InputSimulation", "Microsoft.MixedReality.Toolkit.Services.InputSimulation.csproj", "{93369327-1395-DCD9-15EA-6EA05FFAF1CD}"
EndProject
Project("{FAE04EC0-301F-11D3-BF4B-00C04F79EFBC}") = "Microsoft.MixedReality.Toolkit.Services.InputAnimation", "Microsoft.MixedReality.Toolkit.Services.InputAnimation.csproj", "{841AEDEC-3D02-6FAF-57BC-9C2DFA024A71}"
EndProject
Project("{FAE04EC0-301F-11D3-BF4B-00C04F79EFBC}") = "Microsoft.MixedReality.Toolkit.Services.DiagnosticsSystem", "Microsoft.MixedReality.Toolkit.Services.DiagnosticsSystem.csproj", "{64908714-FF16-FCF5-8C05-C64BE7C5B08A}"
EndProject
Project("{FAE04EC0-301F-11D3-BF4B-00C04F79EFBC}") = "Microsoft.MixedReality.Toolkit.Async", "Microsoft.MixedReality.Toolkit.Async.csproj", "{5BAB174F-2314-323B-0912-C51BA5E3AAF7}"
EndProject
Project("{FAE04EC0-301F-11D3-BF4B-00C04F79EFBC}") = "Microsoft.MixedReality.Toolkit.Providers.WindowsMixedReality", "Microsoft.MixedReality.Toolkit.Providers.WindowsMixedReality.csproj", "{BBCE40FE-A04F-EB2B-3E53-DCF5D21A719F}"
EndProject
Project("{FAE04EC0-301F-11D3-BF4B-00C04F79EFBC}") = "Microsoft.MixedReality.Toolkit.Providers.WindowsVoiceInput", "Microsoft.MixedReality.Toolkit.Providers.WindowsVoiceInput.csproj", "{455A6C72-AF0B-FF44-4E6B-4B6D8A2A97EF}"
EndProject
Project("{FAE04EC0-301F-11D3-BF4B-00C04F79EFBC}") = "Microsoft.MixedReality.Toolkit.Services.TeleportSystem", "Microsoft.MixedReality.Toolkit.Services.TeleportSystem.csproj", "{3D1B7E6D-B707-8783-D1FF-47A05D15CE9B}"
EndProject
Project("{FAE04EC0-301F-11D3-BF4B-00C04F79EFBC}") = "Microsoft.MixedReality.Toolkit.Services.CameraSystem", "Microsoft.MixedReality.Toolkit.Services.CameraSystem.csproj", "{A4AB3D64-F31E-05B6-F7F2-386A2D13E907}"
EndProject
Project("{FAE04EC0-301F-11D3-BF4B-00C04F79EFBC}") = "PhotonWebSocket", "PhotonWebSocket.csproj", "{B63A9820-4741-CB82-35C4-40F58C5B880B}"
EndProject
Project("{FAE04EC0-301F-11D3-BF4B-00C04F79EFBC}") = "Microsoft.MixedReality.Toolkit.Services.BoundarySystem", "Microsoft.MixedReality.Toolkit.Services.BoundarySystem.csproj", "{B3A0CAFA-8D3E-B4F2-AD92-5BF47DBA98D5}"
EndProject
Project("{FAE04EC0-301F-11D3-BF4B-00C04F79EFBC}") = "Microsoft.MixedReality.Toolkit.SDK.Inspectors", "Microsoft.MixedReality.Toolkit.SDK.Inspectors.csproj", "{7FF05FDD-7426-BE27-0FA1-D24297A9C289}"
EndProject
Project("{FAE04EC0-301F-11D3-BF4B-00C04F79EFBC}") = "Microsoft.MixedReality.Toolkit.Editor.Inspectors", "Microsoft.MixedReality.Toolkit.Editor.Inspectors.csproj", "{AF3DB34E-EE01-E78A-FC2A-CC28BB497597}"
EndProject
Project("{FAE04EC0-301F-11D3-BF4B-00C04F79EFBC}") = "Microsoft.MixedReality.Toolkit.Editor.ServiceInspectors", "Microsoft.MixedReality.Toolkit.Editor.ServiceInspectors.csproj", "{C4A98DA3-A6C8-CCCB-7CCF-21141F34A161}"
EndProject
Project("{FAE04EC0-301F-11D3-BF4B-00C04F79EFBC}") = "Assembly-CSharp-Editor", "Assembly-CSharp-Editor.csproj", "{8DD92E7C-6FE4-3D13-9768-A8DF233436A7}"
EndProject
Project("{FAE04EC0-301F-11D3-BF4B-00C04F79EFBC}") = "Microsoft.MixedReality.Toolkit.Editor.Utilities", "Microsoft.MixedReality.Toolkit.Editor.Utilities.csproj", "{BFCAB489-E188-70E9-A962-5BE5688FBE86}"
EndProject
Project("{FAE04EC0-301F-11D3-BF4B-00C04F79EFBC}") = "Microsoft.MixedReality.Toolkit.Providers.ObjectMeshObserver", "Microsoft.MixedReality.Toolkit.Providers.ObjectMeshObserver.csproj", "{E59C3580-E0F5-0F5D-15B6-7C486F715E27}"
EndProject
Project("{FAE04EC0-301F-11D3-BF4B-00C04F79EFBC}") = "PhotonUnityNetworking.Editor", "PhotonUnityNetworking.Editor.csproj", "{C339728A-8F0B-267A-E47A-C53D8F44ECC6}"
EndProject
Project("{FAE04EC0-301F-11D3-BF4B-00C04F79EFBC}") = "Microsoft.MixedReality.Toolkit.Editor.ClassExtensions", "Microsoft.MixedReality.Toolkit.Editor.ClassExtensions.csproj", "{D8C4770D-B864-4A4F-236C-2A58E78A703A}"
EndProject
Project("{FAE04EC0-301F-11D3-BF4B-00C04F79EFBC}") = "Microsoft.MixedReality.Toolkit.Gltf.Importers", "Microsoft.MixedReality.Toolkit.Gltf.Importers.csproj", "{CFC3F581-4243-4B75-C1D7-718B54F1CA52}"
EndProject
Project("{FAE04EC0-301F-11D3-BF4B-00C04F79EFBC}") = "Microsoft.MixedReality.Toolkit.Editor.BuildAndDeploy", "Microsoft.MixedReality.Toolkit.Editor.BuildAndDeploy.csproj", "{750178B5-9A30-2B90-ECA2-241916AA9ED8}"
EndProject
Project("{FAE04EC0-301F-11D3-BF4B-00C04F79EFBC}") = "PunDemos.DemoHubEditor", "PunDemos.DemoHubEditor.csproj", "{ACC69BCC-BC46-290E-592F-3AAB81C9B56E}"
EndProject
Project("{FAE04EC0-301F-11D3-BF4B-00C04F79EFBC}") = "PhotonUnityNetworking.Utilities.PhotonPlayer.Editor", "PhotonUnityNetworking.Utilities.PhotonPlayer.Editor.csproj", "{8231FBA1-F948-0864-4BCA-71B31A0816C5}"
EndProject
Project("{FAE04EC0-301F-11D3-BF4B-00C04F79EFBC}") = "Microsoft.MixedReality.Toolkit.Services.InputSimulation.Editor", "Microsoft.MixedReality.Toolkit.Services.InputSimulation.Editor.csproj", "{33D7802C-9E72-B3D1-9175-A3FBA5A5948B}"
EndProject
Project("{FAE04EC0-301F-11D3-BF4B-00C04F79EFBC}") = "PhotonUnityNetworking.Utilities.Culling.Editor", "PhotonUnityNetworking.Utilities.Culling.Editor.csproj", "{1A974C19-8870-FAB8-13BD-EE18FAF9FDFB}"
EndProject
Project("{FAE04EC0-301F-11D3-BF4B-00C04F79EFBC}") = "PunDemos.DemoSlotcarEditor", "PunDemos.DemoSlotcarEditor.csproj", "{1DA48585-0DF6-98D2-BCF8-CECA74ADD10C}"
EndProject
Project("{FAE04EC0-301F-11D3-BF4B-00C04F79EFBC}") = "Microsoft.MixedReality.Toolkit.Services.InputSystem.Editor", "Microsoft.MixedReality.Toolkit.Services.InputSystem.Editor.csproj", "{DFCC8D81-5367-5CA7-E0F1-C11B1AD0F53E}"
EndProject
Global
	GlobalSection(SolutionConfigurationPlatforms) = preSolution
		Debug|Any CPU = Debug|Any CPU
		Release|Any CPU = Release|Any CPU
	EndGlobalSection
	GlobalSection(ProjectConfigurationPlatforms) = postSolution
		{E1638853-3E89-F16C-1B06-28FDCE8BCDF9}.Debug|Any CPU.ActiveCfg = Debug|Any CPU
		{E1638853-3E89-F16C-1B06-28FDCE8BCDF9}.Debug|Any CPU.Build.0 = Debug|Any CPU
		{E1638853-3E89-F16C-1B06-28FDCE8BCDF9}.Release|Any CPU.ActiveCfg = Release|Any CPU
		{E1638853-3E89-F16C-1B06-28FDCE8BCDF9}.Release|Any CPU.Build.0 = Release|Any CPU
		{462BFAFB-35B4-1F8F-5391-71E6F9BA3B57}.Debug|Any CPU.ActiveCfg = Debug|Any CPU
		{462BFAFB-35B4-1F8F-5391-71E6F9BA3B57}.Debug|Any CPU.Build.0 = Debug|Any CPU
		{462BFAFB-35B4-1F8F-5391-71E6F9BA3B57}.Release|Any CPU.ActiveCfg = Release|Any CPU
		{462BFAFB-35B4-1F8F-5391-71E6F9BA3B57}.Release|Any CPU.Build.0 = Release|Any CPU
		{47E328D8-F947-A11B-AD61-14B773CC96C8}.Debug|Any CPU.ActiveCfg = Debug|Any CPU
		{47E328D8-F947-A11B-AD61-14B773CC96C8}.Debug|Any CPU.Build.0 = Debug|Any CPU
		{47E328D8-F947-A11B-AD61-14B773CC96C8}.Release|Any CPU.ActiveCfg = Release|Any CPU
		{47E328D8-F947-A11B-AD61-14B773CC96C8}.Release|Any CPU.Build.0 = Release|Any CPU
		{5F846B7B-E9FE-7326-FF73-3AF160534C5D}.Debug|Any CPU.ActiveCfg = Debug|Any CPU
		{5F846B7B-E9FE-7326-FF73-3AF160534C5D}.Debug|Any CPU.Build.0 = Debug|Any CPU
		{5F846B7B-E9FE-7326-FF73-3AF160534C5D}.Release|Any CPU.ActiveCfg = Release|Any CPU
		{5F846B7B-E9FE-7326-FF73-3AF160534C5D}.Release|Any CPU.Build.0 = Release|Any CPU
		{DFE4E07A-7D89-2EB4-1E4B-B4CCBB59F6A5}.Debug|Any CPU.ActiveCfg = Debug|Any CPU
		{DFE4E07A-7D89-2EB4-1E4B-B4CCBB59F6A5}.Debug|Any CPU.Build.0 = Debug|Any CPU
		{DFE4E07A-7D89-2EB4-1E4B-B4CCBB59F6A5}.Release|Any CPU.ActiveCfg = Release|Any CPU
		{DFE4E07A-7D89-2EB4-1E4B-B4CCBB59F6A5}.Release|Any CPU.Build.0 = Release|Any CPU
		{6D039FFF-02F1-8C03-7AEC-BBB04C6B30A4}.Debug|Any CPU.ActiveCfg = Debug|Any CPU
		{6D039FFF-02F1-8C03-7AEC-BBB04C6B30A4}.Debug|Any CPU.Build.0 = Debug|Any CPU
		{6D039FFF-02F1-8C03-7AEC-BBB04C6B30A4}.Release|Any CPU.ActiveCfg = Release|Any CPU
		{6D039FFF-02F1-8C03-7AEC-BBB04C6B30A4}.Release|Any CPU.Build.0 = Release|Any CPU
		{521278DC-37F2-F7A9-E012-912B305077E3}.Debug|Any CPU.ActiveCfg = Debug|Any CPU
		{521278DC-37F2-F7A9-E012-912B305077E3}.Debug|Any CPU.Build.0 = Debug|Any CPU
		{521278DC-37F2-F7A9-E012-912B305077E3}.Release|Any CPU.ActiveCfg = Release|Any CPU
		{521278DC-37F2-F7A9-E012-912B305077E3}.Release|Any CPU.Build.0 = Release|Any CPU
		{AE175C1D-A2BC-8831-753A-BCDA63F23E75}.Debug|Any CPU.ActiveCfg = Debug|Any CPU
		{AE175C1D-A2BC-8831-753A-BCDA63F23E75}.Debug|Any CPU.Build.0 = Debug|Any CPU
		{AE175C1D-A2BC-8831-753A-BCDA63F23E75}.Release|Any CPU.ActiveCfg = Release|Any CPU
		{AE175C1D-A2BC-8831-753A-BCDA63F23E75}.Release|Any CPU.Build.0 = Release|Any CPU
		{C99C5289-6922-2ED1-73B8-4E6B8E0E956A}.Debug|Any CPU.ActiveCfg = Debug|Any CPU
		{C99C5289-6922-2ED1-73B8-4E6B8E0E956A}.Debug|Any CPU.Build.0 = Debug|Any CPU
		{C99C5289-6922-2ED1-73B8-4E6B8E0E956A}.Release|Any CPU.ActiveCfg = Release|Any CPU
		{C99C5289-6922-2ED1-73B8-4E6B8E0E956A}.Release|Any CPU.Build.0 = Release|Any CPU
		{E6FF5D53-A632-CE5B-62CC-889943D99CE6}.Debug|Any CPU.ActiveCfg = Debug|Any CPU
		{E6FF5D53-A632-CE5B-62CC-889943D99CE6}.Debug|Any CPU.Build.0 = Debug|Any CPU
		{E6FF5D53-A632-CE5B-62CC-889943D99CE6}.Release|Any CPU.ActiveCfg = Release|Any CPU
		{E6FF5D53-A632-CE5B-62CC-889943D99CE6}.Release|Any CPU.Build.0 = Release|Any CPU
		{ABA277CF-FE00-E0F7-FF06-10262FE0F5AE}.Debug|Any CPU.ActiveCfg = Debug|Any CPU
		{ABA277CF-FE00-E0F7-FF06-10262FE0F5AE}.Debug|Any CPU.Build.0 = Debug|Any CPU
		{ABA277CF-FE00-E0F7-FF06-10262FE0F5AE}.Release|Any CPU.ActiveCfg = Release|Any CPU
		{ABA277CF-FE00-E0F7-FF06-10262FE0F5AE}.Release|Any CPU.Build.0 = Release|Any CPU
		{37C4D77A-DF97-725D-3392-7C609C62B4ED}.Debug|Any CPU.ActiveCfg = Debug|Any CPU
		{37C4D77A-DF97-725D-3392-7C609C62B4ED}.Debug|Any CPU.Build.0 = Debug|Any CPU
		{37C4D77A-DF97-725D-3392-7C609C62B4ED}.Release|Any CPU.ActiveCfg = Release|Any CPU
		{37C4D77A-DF97-725D-3392-7C609C62B4ED}.Release|Any CPU.Build.0 = Release|Any CPU
		{562198F8-AF0A-CA36-9150-602E14C76D6A}.Debug|Any CPU.ActiveCfg = Debug|Any CPU
		{562198F8-AF0A-CA36-9150-602E14C76D6A}.Debug|Any CPU.Build.0 = Debug|Any CPU
		{562198F8-AF0A-CA36-9150-602E14C76D6A}.Release|Any CPU.ActiveCfg = Release|Any CPU
		{562198F8-AF0A-CA36-9150-602E14C76D6A}.Release|Any CPU.Build.0 = Release|Any CPU
		{93369327-1395-DCD9-15EA-6EA05FFAF1CD}.Debug|Any CPU.ActiveCfg = Debug|Any CPU
		{93369327-1395-DCD9-15EA-6EA05FFAF1CD}.Debug|Any CPU.Build.0 = Debug|Any CPU
		{93369327-1395-DCD9-15EA-6EA05FFAF1CD}.Release|Any CPU.ActiveCfg = Release|Any CPU
		{93369327-1395-DCD9-15EA-6EA05FFAF1CD}.Release|Any CPU.Build.0 = Release|Any CPU
		{841AEDEC-3D02-6FAF-57BC-9C2DFA024A71}.Debug|Any CPU.ActiveCfg = Debug|Any CPU
		{841AEDEC-3D02-6FAF-57BC-9C2DFA024A71}.Debug|Any CPU.Build.0 = Debug|Any CPU
		{841AEDEC-3D02-6FAF-57BC-9C2DFA024A71}.Release|Any CPU.ActiveCfg = Release|Any CPU
		{841AEDEC-3D02-6FAF-57BC-9C2DFA024A71}.Release|Any CPU.Build.0 = Release|Any CPU
		{64908714-FF16-FCF5-8C05-C64BE7C5B08A}.Debug|Any CPU.ActiveCfg = Debug|Any CPU
		{64908714-FF16-FCF5-8C05-C64BE7C5B08A}.Debug|Any CPU.Build.0 = Debug|Any CPU
		{64908714-FF16-FCF5-8C05-C64BE7C5B08A}.Release|Any CPU.ActiveCfg = Release|Any CPU
		{64908714-FF16-FCF5-8C05-C64BE7C5B08A}.Release|Any CPU.Build.0 = Release|Any CPU
		{5BAB174F-2314-323B-0912-C51BA5E3AAF7}.Debug|Any CPU.ActiveCfg = Debug|Any CPU
		{5BAB174F-2314-323B-0912-C51BA5E3AAF7}.Debug|Any CPU.Build.0 = Debug|Any CPU
		{5BAB174F-2314-323B-0912-C51BA5E3AAF7}.Release|Any CPU.ActiveCfg = Release|Any CPU
		{5BAB174F-2314-323B-0912-C51BA5E3AAF7}.Release|Any CPU.Build.0 = Release|Any CPU
		{BBCE40FE-A04F-EB2B-3E53-DCF5D21A719F}.Debug|Any CPU.ActiveCfg = Debug|Any CPU
		{BBCE40FE-A04F-EB2B-3E53-DCF5D21A719F}.Debug|Any CPU.Build.0 = Debug|Any CPU
		{BBCE40FE-A04F-EB2B-3E53-DCF5D21A719F}.Release|Any CPU.ActiveCfg = Release|Any CPU
		{BBCE40FE-A04F-EB2B-3E53-DCF5D21A719F}.Release|Any CPU.Build.0 = Release|Any CPU
		{455A6C72-AF0B-FF44-4E6B-4B6D8A2A97EF}.Debug|Any CPU.ActiveCfg = Debug|Any CPU
		{455A6C72-AF0B-FF44-4E6B-4B6D8A2A97EF}.Debug|Any CPU.Build.0 = Debug|Any CPU
		{455A6C72-AF0B-FF44-4E6B-4B6D8A2A97EF}.Release|Any CPU.ActiveCfg = Release|Any CPU
		{455A6C72-AF0B-FF44-4E6B-4B6D8A2A97EF}.Release|Any CPU.Build.0 = Release|Any CPU
		{3D1B7E6D-B707-8783-D1FF-47A05D15CE9B}.Debug|Any CPU.ActiveCfg = Debug|Any CPU
		{3D1B7E6D-B707-8783-D1FF-47A05D15CE9B}.Debug|Any CPU.Build.0 = Debug|Any CPU
		{3D1B7E6D-B707-8783-D1FF-47A05D15CE9B}.Release|Any CPU.ActiveCfg = Release|Any CPU
		{3D1B7E6D-B707-8783-D1FF-47A05D15CE9B}.Release|Any CPU.Build.0 = Release|Any CPU
		{A4AB3D64-F31E-05B6-F7F2-386A2D13E907}.Debug|Any CPU.ActiveCfg = Debug|Any CPU
		{A4AB3D64-F31E-05B6-F7F2-386A2D13E907}.Debug|Any CPU.Build.0 = Debug|Any CPU
		{A4AB3D64-F31E-05B6-F7F2-386A2D13E907}.Release|Any CPU.ActiveCfg = Release|Any CPU
		{A4AB3D64-F31E-05B6-F7F2-386A2D13E907}.Release|Any CPU.Build.0 = Release|Any CPU
		{B63A9820-4741-CB82-35C4-40F58C5B880B}.Debug|Any CPU.ActiveCfg = Debug|Any CPU
		{B63A9820-4741-CB82-35C4-40F58C5B880B}.Debug|Any CPU.Build.0 = Debug|Any CPU
		{B63A9820-4741-CB82-35C4-40F58C5B880B}.Release|Any CPU.ActiveCfg = Release|Any CPU
		{B63A9820-4741-CB82-35C4-40F58C5B880B}.Release|Any CPU.Build.0 = Release|Any CPU
		{B3A0CAFA-8D3E-B4F2-AD92-5BF47DBA98D5}.Debug|Any CPU.ActiveCfg = Debug|Any CPU
		{B3A0CAFA-8D3E-B4F2-AD92-5BF47DBA98D5}.Debug|Any CPU.Build.0 = Debug|Any CPU
		{B3A0CAFA-8D3E-B4F2-AD92-5BF47DBA98D5}.Release|Any CPU.ActiveCfg = Release|Any CPU
		{B3A0CAFA-8D3E-B4F2-AD92-5BF47DBA98D5}.Release|Any CPU.Build.0 = Release|Any CPU
		{7FF05FDD-7426-BE27-0FA1-D24297A9C289}.Debug|Any CPU.ActiveCfg = Debug|Any CPU
		{7FF05FDD-7426-BE27-0FA1-D24297A9C289}.Debug|Any CPU.Build.0 = Debug|Any CPU
		{7FF05FDD-7426-BE27-0FA1-D24297A9C289}.Release|Any CPU.ActiveCfg = Release|Any CPU
		{7FF05FDD-7426-BE27-0FA1-D24297A9C289}.Release|Any CPU.Build.0 = Release|Any CPU
		{AF3DB34E-EE01-E78A-FC2A-CC28BB497597}.Debug|Any CPU.ActiveCfg = Debug|Any CPU
		{AF3DB34E-EE01-E78A-FC2A-CC28BB497597}.Debug|Any CPU.Build.0 = Debug|Any CPU
		{AF3DB34E-EE01-E78A-FC2A-CC28BB497597}.Release|Any CPU.ActiveCfg = Release|Any CPU
		{AF3DB34E-EE01-E78A-FC2A-CC28BB497597}.Release|Any CPU.Build.0 = Release|Any CPU
		{C4A98DA3-A6C8-CCCB-7CCF-21141F34A161}.Debug|Any CPU.ActiveCfg = Debug|Any CPU
		{C4A98DA3-A6C8-CCCB-7CCF-21141F34A161}.Debug|Any CPU.Build.0 = Debug|Any CPU
		{C4A98DA3-A6C8-CCCB-7CCF-21141F34A161}.Release|Any CPU.ActiveCfg = Release|Any CPU
		{C4A98DA3-A6C8-CCCB-7CCF-21141F34A161}.Release|Any CPU.Build.0 = Release|Any CPU
		{8DD92E7C-6FE4-3D13-9768-A8DF233436A7}.Debug|Any CPU.ActiveCfg = Debug|Any CPU
		{8DD92E7C-6FE4-3D13-9768-A8DF233436A7}.Debug|Any CPU.Build.0 = Debug|Any CPU
		{8DD92E7C-6FE4-3D13-9768-A8DF233436A7}.Release|Any CPU.ActiveCfg = Release|Any CPU
		{8DD92E7C-6FE4-3D13-9768-A8DF233436A7}.Release|Any CPU.Build.0 = Release|Any CPU
		{BFCAB489-E188-70E9-A962-5BE5688FBE86}.Debug|Any CPU.ActiveCfg = Debug|Any CPU
		{BFCAB489-E188-70E9-A962-5BE5688FBE86}.Debug|Any CPU.Build.0 = Debug|Any CPU
		{BFCAB489-E188-70E9-A962-5BE5688FBE86}.Release|Any CPU.ActiveCfg = Release|Any CPU
		{BFCAB489-E188-70E9-A962-5BE5688FBE86}.Release|Any CPU.Build.0 = Release|Any CPU
		{E59C3580-E0F5-0F5D-15B6-7C486F715E27}.Debug|Any CPU.ActiveCfg = Debug|Any CPU
		{E59C3580-E0F5-0F5D-15B6-7C486F715E27}.Debug|Any CPU.Build.0 = Debug|Any CPU
		{E59C3580-E0F5-0F5D-15B6-7C486F715E27}.Release|Any CPU.ActiveCfg = Release|Any CPU
		{E59C3580-E0F5-0F5D-15B6-7C486F715E27}.Release|Any CPU.Build.0 = Release|Any CPU
		{C339728A-8F0B-267A-E47A-C53D8F44ECC6}.Debug|Any CPU.ActiveCfg = Debug|Any CPU
		{C339728A-8F0B-267A-E47A-C53D8F44ECC6}.Debug|Any CPU.Build.0 = Debug|Any CPU
		{C339728A-8F0B-267A-E47A-C53D8F44ECC6}.Release|Any CPU.ActiveCfg = Release|Any CPU
		{C339728A-8F0B-267A-E47A-C53D8F44ECC6}.Release|Any CPU.Build.0 = Release|Any CPU
		{D8C4770D-B864-4A4F-236C-2A58E78A703A}.Debug|Any CPU.ActiveCfg = Debug|Any CPU
		{D8C4770D-B864-4A4F-236C-2A58E78A703A}.Debug|Any CPU.Build.0 = Debug|Any CPU
		{D8C4770D-B864-4A4F-236C-2A58E78A703A}.Release|Any CPU.ActiveCfg = Release|Any CPU
		{D8C4770D-B864-4A4F-236C-2A58E78A703A}.Release|Any CPU.Build.0 = Release|Any CPU
		{CFC3F581-4243-4B75-C1D7-718B54F1CA52}.Debug|Any CPU.ActiveCfg = Debug|Any CPU
		{CFC3F581-4243-4B75-C1D7-718B54F1CA52}.Debug|Any CPU.Build.0 = Debug|Any CPU
		{CFC3F581-4243-4B75-C1D7-718B54F1CA52}.Release|Any CPU.ActiveCfg = Release|Any CPU
		{CFC3F581-4243-4B75-C1D7-718B54F1CA52}.Release|Any CPU.Build.0 = Release|Any CPU
		{750178B5-9A30-2B90-ECA2-241916AA9ED8}.Debug|Any CPU.ActiveCfg = Debug|Any CPU
		{750178B5-9A30-2B90-ECA2-241916AA9ED8}.Debug|Any CPU.Build.0 = Debug|Any CPU
		{750178B5-9A30-2B90-ECA2-241916AA9ED8}.Release|Any CPU.ActiveCfg = Release|Any CPU
		{750178B5-9A30-2B90-ECA2-241916AA9ED8}.Release|Any CPU.Build.0 = Release|Any CPU
		{ACC69BCC-BC46-290E-592F-3AAB81C9B56E}.Debug|Any CPU.ActiveCfg = Debug|Any CPU
		{ACC69BCC-BC46-290E-592F-3AAB81C9B56E}.Debug|Any CPU.Build.0 = Debug|Any CPU
		{ACC69BCC-BC46-290E-592F-3AAB81C9B56E}.Release|Any CPU.ActiveCfg = Release|Any CPU
		{ACC69BCC-BC46-290E-592F-3AAB81C9B56E}.Release|Any CPU.Build.0 = Release|Any CPU
		{8231FBA1-F948-0864-4BCA-71B31A0816C5}.Debug|Any CPU.ActiveCfg = Debug|Any CPU
		{8231FBA1-F948-0864-4BCA-71B31A0816C5}.Debug|Any CPU.Build.0 = Debug|Any CPU
		{8231FBA1-F948-0864-4BCA-71B31A0816C5}.Release|Any CPU.ActiveCfg = Release|Any CPU
		{8231FBA1-F948-0864-4BCA-71B31A0816C5}.Release|Any CPU.Build.0 = Release|Any CPU
		{33D7802C-9E72-B3D1-9175-A3FBA5A5948B}.Debug|Any CPU.ActiveCfg = Debug|Any CPU
		{33D7802C-9E72-B3D1-9175-A3FBA5A5948B}.Debug|Any CPU.Build.0 = Debug|Any CPU
		{33D7802C-9E72-B3D1-9175-A3FBA5A5948B}.Release|Any CPU.ActiveCfg = Release|Any CPU
		{33D7802C-9E72-B3D1-9175-A3FBA5A5948B}.Release|Any CPU.Build.0 = Release|Any CPU
		{1A974C19-8870-FAB8-13BD-EE18FAF9FDFB}.Debug|Any CPU.ActiveCfg = Debug|Any CPU
		{1A974C19-8870-FAB8-13BD-EE18FAF9FDFB}.Debug|Any CPU.Build.0 = Debug|Any CPU
		{1A974C19-8870-FAB8-13BD-EE18FAF9FDFB}.Release|Any CPU.ActiveCfg = Release|Any CPU
		{1A974C19-8870-FAB8-13BD-EE18FAF9FDFB}.Release|Any CPU.Build.0 = Release|Any CPU
		{1DA48585-0DF6-98D2-BCF8-CECA74ADD10C}.Debug|Any CPU.ActiveCfg = Debug|Any CPU
		{1DA48585-0DF6-98D2-BCF8-CECA74ADD10C}.Debug|Any CPU.Build.0 = Debug|Any CPU
		{1DA48585-0DF6-98D2-BCF8-CECA74ADD10C}.Release|Any CPU.ActiveCfg = Release|Any CPU
		{1DA48585-0DF6-98D2-BCF8-CECA74ADD10C}.Release|Any CPU.Build.0 = Release|Any CPU
		{DFCC8D81-5367-5CA7-E0F1-C11B1AD0F53E}.Debug|Any CPU.ActiveCfg = Debug|Any CPU
		{DFCC8D81-5367-5CA7-E0F1-C11B1AD0F53E}.Debug|Any CPU.Build.0 = Debug|Any CPU
		{DFCC8D81-5367-5CA7-E0F1-C11B1AD0F53E}.Release|Any CPU.ActiveCfg = Release|Any CPU
		{DFCC8D81-5367-5CA7-E0F1-C11B1AD0F53E}.Release|Any CPU.Build.0 = Release|Any CPU
	EndGlobalSection
	GlobalSection(SolutionProperties) = preSolution
		HideSolutionNode = FALSE
	EndGlobalSection
EndGlobal
